// !$*UTF8*$!
{
	archiveVersion = 1;
	classes = {
	};
	objectVersion = 46;
	objects = {

/* Begin PBXBuildFile section */
		2FC42DB41F2AD800003A1816 /* AppDelegate.swift in Sources */ = {isa = PBXBuildFile; fileRef = 2FC42DB31F2AD800003A1816 /* AppDelegate.swift */; };
		2FC42DB61F2AD800003A1816 /* ViewController.swift in Sources */ = {isa = PBXBuildFile; fileRef = 2FC42DB51F2AD800003A1816 /* ViewController.swift */; };
		2FC42DB91F2AD800003A1816 /* Main.storyboard in Resources */ = {isa = PBXBuildFile; fileRef = 2FC42DB71F2AD800003A1816 /* Main.storyboard */; };
		2FC42DBB1F2AD800003A1816 /* Assets.xcassets in Resources */ = {isa = PBXBuildFile; fileRef = 2FC42DBA1F2AD800003A1816 /* Assets.xcassets */; };
		2FC42DBE1F2AD800003A1816 /* LaunchScreen.storyboard in Resources */ = {isa = PBXBuildFile; fileRef = 2FC42DBC1F2AD800003A1816 /* LaunchScreen.storyboard */; };
		2FC42DC61F2AD9B7003A1816 /* SeccndViewController.swift in Sources */ = {isa = PBXBuildFile; fileRef = 2FC42DC51F2AD9B7003A1816 /* SeccndViewController.swift */; };
		2FC42DC81F2ADEEB003A1816 /* README.md in Sources */ = {isa = PBXBuildFile; fileRef = 2FC42DC71F2ADEEB003A1816 /* README.md */; };
/* End PBXBuildFile section */

/* Begin PBXFileReference section */
		2FC42DB01F2AD7FF003A1816 /* MultiScreen.app */ = {isa = PBXFileReference; explicitFileType = wrapper.application; includeInIndex = 0; path = MultiScreen.app; sourceTree = BUILT_PRODUCTS_DIR; };
		2FC42DB31F2AD800003A1816 /* AppDelegate.swift */ = {isa = PBXFileReference; lastKnownFileType = sourcecode.swift; path = AppDelegate.swift; sourceTree = "<group>"; };
		2FC42DB51F2AD800003A1816 /* ViewController.swift */ = {isa = PBXFileReference; lastKnownFileType = sourcecode.swift; path = ViewController.swift; sourceTree = "<group>"; };
		2FC42DB81F2AD800003A1816 /* Base */ = {isa = PBXFileReference; lastKnownFileType = file.storyboard; name = Base; path = Base.lproj/Main.storyboard; sourceTree = "<group>"; };
		2FC42DBA1F2AD800003A1816 /* Assets.xcassets */ = {isa = PBXFileReference; lastKnownFileType = folder.assetcatalog; path = Assets.xcassets; sourceTree = "<group>"; };
		2FC42DBD1F2AD800003A1816 /* Base */ = {isa = PBXFileReference; lastKnownFileType = file.storyboard; name = Base; path = Base.lproj/LaunchScreen.storyboard; sourceTree = "<group>"; };
		2FC42DBF1F2AD800003A1816 /* Info.plist */ = {isa = PBXFileReference; lastKnownFileType = text.plist.xml; path = Info.plist; sourceTree = "<group>"; };
		2FC42DC51F2AD9B7003A1816 /* SeccndViewController.swift */ = {isa = PBXFileReference; fileEncoding = 4; lastKnownFileType = sourcecode.swift; name = SeccndViewController.swift; path = ../SeccndViewController.swift; sourceTree = "<group>"; };
		2FC42DC71F2ADEEB003A1816 /* README.md */ = {isa = PBXFileReference; fileEncoding = 4; lastKnownFileType = net.daringfireball.markdown; path = README.md; sourceTree = "<group>"; };
/* End PBXFileReference section */

/* Begin PBXFrameworksBuildPhase section */
		2FC42DAD1F2AD7FF003A1816 /* Frameworks */ = {
			isa = PBXFrameworksBuildPhase;
			buildActionMask = 2147483647;
			files = (
			);
			runOnlyForDeploymentPostprocessing = 0;
		};
/* End PBXFrameworksBuildPhase section */

/* Begin PBXGroup section */
		2FC42DA71F2AD7FF003A1816 = {
			isa = PBXGroup;
			children = (
				2FC42DC71F2ADEEB003A1816 /* README.md */,
				2FC42DB21F2AD7FF003A1816 /* MultiScreen */,
				2FC42DB11F2AD7FF003A1816 /* Products */,
			);
			sourceTree = "<group>";
		};
		2FC42DB11F2AD7FF003A1816 /* Products */ = {
			isa = PBXGroup;
			children = (
				2FC42DB01F2AD7FF003A1816 /* MultiScreen.app */,
			);
			name = Products;
			sourceTree = "<group>";
		};
		2FC42DB21F2AD7FF003A1816 /* MultiScreen */ = {
			isa = PBXGroup;
			children = (
				2FC42DB31F2AD800003A1816 /* AppDelegate.swift */,
				2FC42DB51F2AD800003A1816 /* ViewController.swift */,
				2FC42DB71F2AD800003A1816 /* Main.storyboard */,
				2FC42DC51F2AD9B7003A1816 /* SeccndViewController.swift */,
				2FC42DBA1F2AD800003A1816 /* Assets.xcassets */,
				2FC42DBC1F2AD800003A1816 /* LaunchScreen.storyboard */,
				2FC42DBF1F2AD800003A1816 /* Info.plist */,
			);
			path = MultiScreen;
			sourceTree = "<group>";
		};
/* End PBXGroup section */

/* Begin PBXNativeTarget section */
		2FC42DAF1F2AD7FF003A1816 /* MultiScreen */ = {
			isa = PBXNativeTarget;
			buildConfigurationList = 2FC42DC21F2AD800003A1816 /* Build configuration list for PBXNativeTarget "MultiScreen" */;
			buildPhases = (
				2FC42DAC1F2AD7FF003A1816 /* Sources */,
				2FC42DAD1F2AD7FF003A1816 /* Frameworks */,
				2FC42DAE1F2AD7FF003A1816 /* Resources */,
			);
			buildRules = (
			);
			dependencies = (
			);
			name = MultiScreen;
			productName = MultiScreen;
			productReference = 2FC42DB01F2AD7FF003A1816 /* MultiScreen.app */;
			productType = "com.apple.product-type.application";
		};
/* End PBXNativeTarget section */

/* Begin PBXProject section */
		2FC42DA81F2AD7FF003A1816 /* Project object */ = {
			isa = PBXProject;
			attributes = {
				LastSwiftUpdateCheck = 0830;
				LastUpgradeCheck = 0830;
				ORGANIZATIONNAME = Com03;
				TargetAttributes = {
					2FC42DAF1F2AD7FF003A1816 = {
						CreatedOnToolsVersion = 8.3.3;
						ProvisioningStyle = Automatic;
					};
				};
			};
			buildConfigurationList = 2FC42DAB1F2AD7FF003A1816 /* Build configuration list for PBXProject "MultiScreen" */;
			compatibilityVersion = "Xcode 3.2";
			developmentRegion = English;
			hasScannedForEncodings = 0;
			knownRegions = (
				en,
				Base,
			);
			mainGroup = 2FC42DA71F2AD7FF003A1816;
			productRefGroup = 2FC42DB11F2AD7FF003A1816 /* Products */;
			projectDirPath = "";
			projectRoot = "";
			targets = (
				2FC42DAF1F2AD7FF003A1816 /* MultiScreen */,
			);
		};
/* End PBXProject section */

/* Begin PBXResourcesBuildPhase section */
		2FC42DAE1F2AD7FF003A1816 /* Resources */ = {
			isa = PBXResourcesBuildPhase;
			buildActionMask = 2147483647;
			files = (
				2FC42DBE1F2AD800003A1816 /* LaunchScreen.storyboard in Resources */,
				2FC42DBB1F2AD800003A1816 /* Assets.xcassets in Resources */,
				2FC42DB91F2AD800003A1816 /* Main.storyboard in Resources */,
			);
			runOnlyForDeploymentPostprocessing = 0;
		};
/* End PBXResourcesBuildPhase section */

/* Begin PBXSourcesBuildPhase section */
		2FC42DAC1F2AD7FF003A1816 /* Sources */ = {
			isa = PBXSourcesBuildPhase;
			buildActionMask = 2147483647;
			files = (
				2FC42DB61F2AD800003A1816 /* ViewController.swift in Sources */,
				2FC42DB41F2AD800003A1816 /* AppDelegate.swift in Sources */,
				2FC42DC81F2ADEEB003A1816 /* README.md in Sources */,
				2FC42DC61F2AD9B7003A1816 /* SeccndViewController.swift in Sources */,
			);
			runOnlyForDeploymentPostprocessing = 0;
		};
/* End PBXSourcesBuildPhase section */

/* Begin PBXVariantGroup section */
		2FC42DB71F2AD800003A1816 /* Main.storyboard */ = {
			isa = PBXVariantGroup;
			children = (
				2FC42DB81F2AD800003A1816 /* Base */,
			);
			name = Main.storyboard;
			sourceTree = "<group>";
		};
		2FC42DBC1F2AD800003A1816 /* LaunchScreen.storyboard */ = {
			isa = PBXVariantGroup;
			children = (
				2FC42DBD1F2AD800003A1816 /* Base */,
			);
			name = LaunchScreen.storyboard;
			sourceTree = "<group>";
		};
/* End PBXVariantGroup section */

/* Begin XCBuildConfiguration section */
		2FC42DC01F2AD800003A1816 /* Debug */ = {
			isa = XCBuildConfiguration;
			buildSettings = {
				ALWAYS_SEARCH_USER_PATHS = NO;
				CLANG_ANALYZER_NONNULL = YES;
				CLANG_ANALYZER_NUMBER_OBJECT_CONVERSION = YES_AGGRESSIVE;
				CLANG_CXX_LANGUAGE_STANDARD = "gnu++0x";
				CLANG_CXX_LIBRARY = "libc++";
				CLANG_ENABLE_MODULES = YES;
				CLANG_ENABLE_OBJC_ARC = YES;
				CLANG_WARN_BOOL_CONVERSION = YES;
				CLANG_WARN_CONSTANT_CONVERSION = YES;
				CLANG_WARN_DIRECT_OBJC_ISA_USAGE = YES_ERROR;
				CLANG_WARN_DOCUMENTATION_COMMENTS = YES;
				CLANG_WARN_EMPTY_BODY = YES;
				CLANG_WARN_ENUM_CONVERSION = YES;
				CLANG_WARN_INFINITE_RECURSION = YES;
				CLANG_WARN_INT_CONVERSION = YES;
				CLANG_WARN_OBJC_ROOT_CLASS = YES_ERROR;
				CLANG_WARN_SUSPICIOUS_MOVE = YES;
				CLANG_WARN_UNREACHABLE_CODE = YES;
				CLANG_WARN__DUPLICATE_METHOD_MATCH = YES;
				"CODE_SIGN_IDENTITY[sdk=iphoneos*]" = "iPhone Developer";
				COPY_PHASE_STRIP = NO;
				DEBUG_INFORMATION_FORMAT = dwarf;
				ENABLE_STRICT_OBJC_MSGSEND = YES;
				ENABLE_TESTABILITY = YES;
				GCC_C_LANGUAGE_STANDARD = gnu99;
				GCC_DYNAMIC_NO_PIC = NO;
				GCC_NO_COMMON_BLOCKS = YES;
				GCC_OPTIMIZATION_LEVEL = 0;
				GCC_PREPROCESSOR_DEFINITIONS = (
					"DEBUG=1",
					"$(inherited)",
				);
				GCC_WARN_64_TO_32_BIT_CONVERSION = YES;
				GCC_WARN_ABOUT_RETURN_TYPE = YES_ERROR;
				GCC_WARN_UNDECLARED_SELECTOR = YES;
				GCC_WARN_UNINITIALIZED_AUTOS = YES_AGGRESSIVE;
				GCC_WARN_UNUSED_FUNCTION = YES;
				GCC_WARN_UNUSED_VARIABLE = YES;
				IPHONEOS_DEPLOYMENT_TARGET = 10.3;
				MTL_ENABLE_DEBUG_INFO = YES;
				ONLY_ACTIVE_ARCH = YES;
				SDKROOT = iphoneos;
				SWIFT_ACTIVE_COMPILATION_CONDITIONS = DEBUG;
				SWIFT_OPTIMIZATION_LEVEL = "-Onone";
				TARGETED_DEVICE_FAMILY = "1,2";
			};
			name = Debug;
		};
		2FC42DC11F2AD800003A1816 /* Release */ = {
			isa = XCBuildConfiguration;
			buildSettings = {
				ALWAYS_SEARCH_USER_PATHS = NO;
				CLANG_ANALYZER_NONNULL = YES;
				CLANG_ANALYZER_NUMBER_OBJECT_CONVERSION = YES_AGGRESSIVE;
				CLANG_CXX_LANGUAGE_STANDARD = "gnu++0x";
				CLANG_CXX_LIBRARY = "libc++";
				CLANG_ENABLE_MODULES = YES;
				CLANG_ENABLE_OBJC_ARC = YES;
				CLANG_WARN_BOOL_CONVERSION = YES;
				CLANG_WARN_CONSTANT_CONVERSION = YES;
				CLANG_WARN_DIRECT_OBJC_ISA_USAGE = YES_ERROR;
				CLANG_WARN_DOCUMENTATION_COMMENTS = YES;
				CLANG_WARN_EMPTY_BODY = YES;
				CLANG_WARN_ENUM_CONVERSION = YES;
				CLANG_WARN_INFINITE_RECURSION = YES;
				CLANG_WARN_INT_CONVERSION = YES;
				CLANG_WARN_OBJC_ROOT_CLASS = YES_ERROR;
				CLANG_WARN_SUSPICIOUS_MOVE = YES;
				CLANG_WARN_UNREACHABLE_CODE = YES;
				CLANG_WARN__DUPLICATE_METHOD_MATCH = YES;
				"CODE_SIGN_IDENTITY[sdk=iphoneos*]" = "iPhone Developer";
				COPY_PHASE_STRIP = NO;
				DEBUG_INFORMATION_FORMAT = "dwarf-with-dsym";
				ENABLE_NS_ASSERTIONS = NO;
				ENABLE_STRICT_OBJC_MSGSEND = YES;
				GCC_C_LANGUAGE_STANDARD = gnu99;
				GCC_NO_COMMON_BLOCKS = YES;
				GCC_WARN_64_TO_32_BIT_CONVERSION = YES;
				GCC_WARN_ABOUT_RETURN_TYPE = YES_ERROR;
				GCC_WARN_UNDECLARED_SELECTOR = YES;
				GCC_WARN_UNINITIALIZED_AUTOS = YES_AGGRESSIVE;
				GCC_WARN_UNUSED_FUNCTION = YES;
				GCC_WARN_UNUSED_VARIABLE = YES;
				IPHONEOS_DEPLOYMENT_TARGET = 10.3;
				MTL_ENABLE_DEBUG_INFO = NO;
				SDKROOT = iphoneos;
				SWIFT_OPTIMIZATION_LEVEL = "-Owholemodule";
				TARGETED_DEVICE_FAMILY = "1,2";
				VALIDATE_PRODUCT = YES;
			};
			name = Release;
		};
		2FC42DC31F2AD800003A1816 /* Debug */ = {
			isa = XCBuildConfiguration;
			buildSettings = {
				ASSETCATALOG_COMPILER_APPICON_NAME = AppIcon;
				INFOPLIST_FILE = MultiScreen/Info.plist;
				LD_RUNPATH_SEARCH_PATHS = "$(inherited) @executable_path/Frameworks";
				PRODUCT_BUNDLE_IDENTIFIER = sarawut.MultiScreen;
				PRODUCT_NAME = "$(TARGET_NAME)";
				SWIFT_VERSION = 3.0;
			};
			name = Debug;
		};
		2FC42DC41F2AD800003A1816 /* Release */ = {
			isa = XCBuildConfiguration;
			buildSettings = {
				ASSETCATALOG_COMPILER_APPICON_NAME = AppIcon;
				INFOPLIST_FILE = MultiScreen/Info.plist;
				LD_RUNPATH_SEARCH_PATHS = "$(inherited) @executable_path/Frameworks";
				PRODUCT_BUNDLE_IDENTIFIER = sarawut.MultiScreen;
				PRODUCT_NAME = "$(TARGET_NAME)";
				SWIFT_VERSION = 3.0;
			};
			name = Release;
		};
/* End XCBuildConfiguration section */

/* Begin XCConfigurationList section */
		2FC42DAB1F2AD7FF003A1816 /* Build configuration list for PBXProject "MultiScreen" */ = {
			isa = XCConfigurationList;
			buildConfigurations = (
				2FC42DC01F2AD800003A1816 /* Debug */,
				2FC42DC11F2AD800003A1816 /* Release */,
			);
			defaultConfigurationIsVisible = 0;
			defaultConfigurationName = Release;
		};
		2FC42DC21F2AD800003A1816 /* Build configuration list for PBXNativeTarget "MultiScreen" */ = {
			isa = XCConfigurationList;
			buildConfigurations = (
				2FC42DC31F2AD800003A1816 /* Debug */,
				2FC42DC41F2AD800003A1816 /* Release */,
			);
			defaultConfigurationIsVisible = 0;
		};
/* End XCConfigurationList section */
	};
	rootObject = 2FC42DA81F2AD7FF003A1816 /* Project object */;
}
